{
  "pins" : [
    {
      "identity" : "enode-link-ios",
      "kind" : "remoteSourceControl",
      "location" : "https://github.com/enode/enode-link-ios",
      "state" : {
        "branch" : "main",
        "revision" : "635278f1656fb815b876aa4f3848dde93e057b2e"
      }
    }
  ],
  "version" : 2
}
