{
  "pins" : [
    {
      "identity" : "enode-link-ios",
      "kind" : "remoteSourceControl",
      "location" : "https://github.com/enode/enode-link-ios",
      "state" : {
        "branch" : "main",
        "revision" : "4f044b4930a5fa30d328fb3c6dbea49a16adf8b6"
      }
    }
  ],
  "version" : 2
}
