{
  "pins" : [
    {
      "identity" : "enode-link-ios",
      "kind" : "remoteSourceControl",
      "location" : "https://github.com/enode/enode-link-ios",
      "state" : {
        "branch" : "main",
        "revision" : "107e19c1e25e1ee9a29ce32e0f34fd645c390006"
      }
    }
  ],
  "version" : 2
}
